
Microsoft Visual Studio Solution File, Format Version 12.00
# Visual Studio 15
VisualStudioVersion = 15.0.26430.13
MinimumVisualStudioVersion = 10.0.40219.1
Project("{FAE04EC0-301F-11D3-BF4B-00C04F79EFBC}") = "LineApplication", "LineApplication\LineApplication.csproj", "{BB47B4B8-65E5-4D82-B9FA-5E992D974ADF}"
EndProject
Global
	GlobalSection(SolutionConfigurationPlatforms) = preSolution
		Debug|Any CPU = Debug|Any CPU
		Release|Any CPU = Release|Any CPU
	EndGlobalSection
	GlobalSection(ProjectConfigurationPlatforms) = postSolution
		{BB47B4B8-65E5-4D82-B9FA-5E992D974ADF}.Debug|Any CPU.ActiveCfg = Debug|Any CPU
		{BB47B4B8-65E5-4D82-B9FA-5E992D974ADF}.Debug|Any CPU.Build.0 = Debug|Any CPU
		{BB47B4B8-65E5-4D82-B9FA-5E992D974ADF}.Release|Any CPU.ActiveCfg = Release|Any CPU
		{BB47B4B8-65E5-4D82-B9FA-5E992D974ADF}.Release|Any CPU.Build.0 = Release|Any CPU
	EndGlobalSection
	GlobalSection(SolutionProperties) = preSolution
		HideSolutionNode = FALSE
	EndGlobalSection
EndGlobal
